// !$*UTF8*$!
{
	archiveVersion = 1;
	classes = {
	};
	objectVersion = 46;
	objects = {

/* Begin PBXBuildFile section */
		0E76786B1CB431C100C5F4D5 /* AppDelegate.swift in Sources */ = {isa = PBXBuildFile; fileRef = 0E76786A1CB431C100C5F4D5 /* AppDelegate.swift */; };
		0E76786D1CB431C100C5F4D5 /* RecordSoundsViewController.swift in Sources */ = {isa = PBXBuildFile; fileRef = 0E76786C1CB431C100C5F4D5 /* RecordSoundsViewController.swift */; };
		0E7678701CB431C100C5F4D5 /* Main.storyboard in Resources */ = {isa = PBXBuildFile; fileRef = 0E76786E1CB431C100C5F4D5 /* Main.storyboard */; };
		0E7678721CB431C100C5F4D5 /* Assets.xcassets in Resources */ = {isa = PBXBuildFile; fileRef = 0E7678711CB431C100C5F4D5 /* Assets.xcassets */; };
		0E7678751CB431C100C5F4D5 /* LaunchScreen.storyboard in Resources */ = {isa = PBXBuildFile; fileRef = 0E7678731CB431C100C5F4D5 /* LaunchScreen.storyboard */; };
		0E76787D1CB5DDDD00C5F4D5 /* PlaySoundsViewController.swift in Sources */ = {isa = PBXBuildFile; fileRef = 0E76787C1CB5DDDD00C5F4D5 /* PlaySoundsViewController.swift */; };
		0E76787F1CB5EFEF00C5F4D5 /* PlaySoundsViewController+Audio.swift in Sources */ = {isa = PBXBuildFile; fileRef = 0E76787E1CB5EFEF00C5F4D5 /* PlaySoundsViewController+Audio.swift */; };
		0E7678811CB7260200C5F4D5 /* RecordedAudio.swift in Sources */ = {isa = PBXBuildFile; fileRef = 0E7678801CB7260200C5F4D5 /* RecordedAudio.swift */; };
/* End PBXBuildFile section */

/* Begin PBXFileReference section */
		0E7678671CB431C100C5F4D5 /* PitchPerfect.app */ = {isa = PBXFileReference; explicitFileType = wrapper.application; includeInIndex = 0; path = PitchPerfect.app; sourceTree = BUILT_PRODUCTS_DIR; };
		0E76786A1CB431C100C5F4D5 /* AppDelegate.swift */ = {isa = PBXFileReference; lastKnownFileType = sourcecode.swift; path = AppDelegate.swift; sourceTree = "<group>"; };
		0E76786C1CB431C100C5F4D5 /* RecordSoundsViewController.swift */ = {isa = PBXFileReference; lastKnownFileType = sourcecode.swift; path = RecordSoundsViewController.swift; sourceTree = "<group>"; };
		0E76786F1CB431C100C5F4D5 /* Base */ = {isa = PBXFileReference; lastKnownFileType = file.storyboard; name = Base; path = Base.lproj/Main.storyboard; sourceTree = "<group>"; };
		0E7678711CB431C100C5F4D5 /* Assets.xcassets */ = {isa = PBXFileReference; lastKnownFileType = folder.assetcatalog; path = Assets.xcassets; sourceTree = "<group>"; };
		0E7678741CB431C100C5F4D5 /* Base */ = {isa = PBXFileReference; lastKnownFileType = file.storyboard; name = Base; path = Base.lproj/LaunchScreen.storyboard; sourceTree = "<group>"; };
		0E7678761CB431C100C5F4D5 /* Info.plist */ = {isa = PBXFileReference; lastKnownFileType = text.plist.xml; path = Info.plist; sourceTree = "<group>"; };
		0E76787C1CB5DDDD00C5F4D5 /* PlaySoundsViewController.swift */ = {isa = PBXFileReference; fileEncoding = 4; lastKnownFileType = sourcecode.swift; path = PlaySoundsViewController.swift; sourceTree = "<group>"; };
		0E76787E1CB5EFEF00C5F4D5 /* PlaySoundsViewController+Audio.swift */ = {isa = PBXFileReference; fileEncoding = 4; lastKnownFileType = sourcecode.swift; path = "PlaySoundsViewController+Audio.swift"; sourceTree = "<group>"; };
		0E7678801CB7260200C5F4D5 /* RecordedAudio.swift */ = {isa = PBXFileReference; fileEncoding = 4; lastKnownFileType = sourcecode.swift; path = RecordedAudio.swift; sourceTree = "<group>"; };
/* End PBXFileReference section */

/* Begin PBXFrameworksBuildPhase section */
		0E7678641CB431C100C5F4D5 /* Frameworks */ = {
			isa = PBXFrameworksBuildPhase;
			buildActionMask = 2147483647;
			files = (
			);
			runOnlyForDeploymentPostprocessing = 0;
		};
/* End PBXFrameworksBuildPhase section */

/* Begin PBXGroup section */
		0E76785E1CB431C100C5F4D5 = {
			isa = PBXGroup;
			children = (
				0E7678691CB431C100C5F4D5 /* PitchPerfect */,
				0E7678681CB431C100C5F4D5 /* Products */,
			);
			sourceTree = "<group>";
		};
		0E7678681CB431C100C5F4D5 /* Products */ = {
			isa = PBXGroup;
			children = (
				0E7678671CB431C100C5F4D5 /* PitchPerfect.app */,
			);
			name = Products;
			sourceTree = "<group>";
		};
		0E7678691CB431C100C5F4D5 /* PitchPerfect */ = {
			isa = PBXGroup;
			children = (
				0E76786A1CB431C100C5F4D5 /* AppDelegate.swift */,
				0E76786C1CB431C100C5F4D5 /* RecordSoundsViewController.swift */,
				0E76787C1CB5DDDD00C5F4D5 /* PlaySoundsViewController.swift */,
				0E76787E1CB5EFEF00C5F4D5 /* PlaySoundsViewController+Audio.swift */,
				0E7678801CB7260200C5F4D5 /* RecordedAudio.swift */,
				0E76786E1CB431C100C5F4D5 /* Main.storyboard */,
				0E7678711CB431C100C5F4D5 /* Assets.xcassets */,
				0E7678731CB431C100C5F4D5 /* LaunchScreen.storyboard */,
				0E7678761CB431C100C5F4D5 /* Info.plist */,
			);
			path = PitchPerfect;
			sourceTree = "<group>";
		};
/* End PBXGroup section */

/* Begin PBXNativeTarget section */
		0E7678661CB431C100C5F4D5 /* PitchPerfect */ = {
			isa = PBXNativeTarget;
			buildConfigurationList = 0E7678791CB431C100C5F4D5 /* Build configuration list for PBXNativeTarget "PitchPerfect" */;
			buildPhases = (
				0E7678631CB431C100C5F4D5 /* Sources */,
				0E7678641CB431C100C5F4D5 /* Frameworks */,
				0E7678651CB431C100C5F4D5 /* Resources */,
			);
			buildRules = (
			);
			dependencies = (
			);
			name = PitchPerfect;
			productName = PitchPerfect;
			productReference = 0E7678671CB431C100C5F4D5 /* PitchPerfect.app */;
			productType = "com.apple.product-type.application";
		};
/* End PBXNativeTarget section */

/* Begin PBXProject section */
		0E76785F1CB431C100C5F4D5 /* Project object */ = {
			isa = PBXProject;
			attributes = {
				LastSwiftUpdateCheck = 0730;
				LastUpgradeCheck = 0730;
				ORGANIZATIONNAME = "Ceasar Barbosa";
				TargetAttributes = {
					0E7678661CB431C100C5F4D5 = {
						CreatedOnToolsVersion = 7.3;
						DevelopmentTeam = WZX9ALEXUY;
					};
				};
			};
			buildConfigurationList = 0E7678621CB431C100C5F4D5 /* Build configuration list for PBXProject "PitchPerfect" */;
			compatibilityVersion = "Xcode 3.2";
			developmentRegion = English;
			hasScannedForEncodings = 0;
			knownRegions = (
				en,
				Base,
			);
			mainGroup = 0E76785E1CB431C100C5F4D5;
			productRefGroup = 0E7678681CB431C100C5F4D5 /* Products */;
			projectDirPath = "";
			projectRoot = "";
			targets = (
				0E7678661CB431C100C5F4D5 /* PitchPerfect */,
			);
		};
/* End PBXProject section */

/* Begin PBXResourcesBuildPhase section */
		0E7678651CB431C100C5F4D5 /* Resources */ = {
			isa = PBXResourcesBuildPhase;
			buildActionMask = 2147483647;
			files = (
				0E7678751CB431C100C5F4D5 /* LaunchScreen.storyboard in Resources */,
				0E7678721CB431C100C5F4D5 /* Assets.xcassets in Resources */,
				0E7678701CB431C100C5F4D5 /* Main.storyboard in Resources */,
			);
			runOnlyForDeploymentPostprocessing = 0;
		};
/* End PBXResourcesBuildPhase section */

/* Begin PBXSourcesBuildPhase section */
		0E7678631CB431C100C5F4D5 /* Sources */ = {
			isa = PBXSourcesBuildPhase;
			buildActionMask = 2147483647;
			files = (
				0E76786D1CB431C100C5F4D5 /* RecordSoundsViewController.swift in Sources */,
				0E76787F1CB5EFEF00C5F4D5 /* PlaySoundsViewController+Audio.swift in Sources */,
				0E76787D1CB5DDDD00C5F4D5 /* PlaySoundsViewController.swift in Sources */,
				0E76786B1CB431C100C5F4D5 /* AppDelegate.swift in Sources */,
				0E7678811CB7260200C5F4D5 /* RecordedAudio.swift in Sources */,
			);
			runOnlyForDeploymentPostprocessing = 0;
		};
/* End PBXSourcesBuildPhase section */

/* Begin PBXVariantGroup section */
		0E76786E1CB431C100C5F4D5 /* Main.storyboard */ = {
			isa = PBXVariantGroup;
			children = (
				0E76786F1CB431C100C5F4D5 /* Base */,
			);
			name = Main.storyboard;
			sourceTree = "<group>";
		};
		0E7678731CB431C100C5F4D5 /* LaunchScreen.storyboard */ = {
			isa = PBXVariantGroup;
			children = (
				0E7678741CB431C100C5F4D5 /* Base */,
			);
			name = LaunchScreen.storyboard;
			sourceTree = "<group>";
		};
/* End PBXVariantGroup section */

/* Begin XCBuildConfiguration section */
		0E7678771CB431C100C5F4D5 /* Debug */ = {
			isa = XCBuildConfiguration;
			buildSettings = {
				ALWAYS_SEARCH_USER_PATHS = NO;
				CLANG_ANALYZER_NONNULL = YES;
				CLANG_CXX_LANGUAGE_STANDARD = "gnu++0x";
				CLANG_CXX_LIBRARY = "libc++";
				CLANG_ENABLE_MODULES = YES;
				CLANG_ENABLE_OBJC_ARC = YES;
				CLANG_WARN_BOOL_CONVERSION = YES;
				CLANG_WARN_CONSTANT_CONVERSION = YES;
				CLANG_WARN_DIRECT_OBJC_ISA_USAGE = YES_ERROR;
				CLANG_WARN_EMPTY_BODY = YES;
				CLANG_WARN_ENUM_CONVERSION = YES;
				CLANG_WARN_INT_CONVERSION = YES;
				CLANG_WARN_OBJC_ROOT_CLASS = YES_ERROR;
				CLANG_WARN_UNREACHABLE_CODE = YES;
				CLANG_WARN__DUPLICATE_METHOD_MATCH = YES;
				"CODE_SIGN_IDENTITY[sdk=iphoneos*]" = "iPhone Developer";
				COPY_PHASE_STRIP = NO;
				DEBUG_INFORMATION_FORMAT = dwarf;
				ENABLE_STRICT_OBJC_MSGSEND = YES;
				ENABLE_TESTABILITY = YES;
				GCC_C_LANGUAGE_STANDARD = gnu99;
				GCC_DYNAMIC_NO_PIC = NO;
				GCC_NO_COMMON_BLOCKS = YES;
				GCC_OPTIMIZATION_LEVEL = 0;
				GCC_PREPROCESSOR_DEFINITIONS = (
					"DEBUG=1",
					"$(inherited)",
				);
				GCC_WARN_64_TO_32_BIT_CONVERSION = YES;
				GCC_WARN_ABOUT_RETURN_TYPE = YES_ERROR;
				GCC_WARN_UNDECLARED_SELECTOR = YES;
				GCC_WARN_UNINITIALIZED_AUTOS = YES_AGGRESSIVE;
				GCC_WARN_UNUSED_FUNCTION = YES;
				GCC_WARN_UNUSED_VARIABLE = YES;
				IPHONEOS_DEPLOYMENT_TARGET = 9.3;
				MTL_ENABLE_DEBUG_INFO = YES;
				ONLY_ACTIVE_ARCH = YES;
				SDKROOT = iphoneos;
				SWIFT_OPTIMIZATION_LEVEL = "-Onone";
				TARGETED_DEVICE_FAMILY = "1,2";
			};
			name = Debug;
		};
		0E7678781CB431C100C5F4D5 /* Release */ = {
			isa = XCBuildConfiguration;
			buildSettings = {
				ALWAYS_SEARCH_USER_PATHS = NO;
				CLANG_ANALYZER_NONNULL = YES;
				CLANG_CXX_LANGUAGE_STANDARD = "gnu++0x";
				CLANG_CXX_LIBRARY = "libc++";
				CLANG_ENABLE_MODULES = YES;
				CLANG_ENABLE_OBJC_ARC = YES;
				CLANG_WARN_BOOL_CONVERSION = YES;
				CLANG_WARN_CONSTANT_CONVERSION = YES;
				CLANG_WARN_DIRECT_OBJC_ISA_USAGE = YES_ERROR;
				CLANG_WARN_EMPTY_BODY = YES;
				CLANG_WARN_ENUM_CONVERSION = YES;
				CLANG_WARN_INT_CONVERSION = YES;
				CLANG_WARN_OBJC_ROOT_CLASS = YES_ERROR;
				CLANG_WARN_UNREACHABLE_CODE = YES;
				CLANG_WARN__DUPLICATE_METHOD_MATCH = YES;
				"CODE_SIGN_IDENTITY[sdk=iphoneos*]" = "iPhone Developer";
				COPY_PHASE_STRIP = NO;
				DEBUG_INFORMATION_FORMAT = "dwarf-with-dsym";
				ENABLE_NS_ASSERTIONS = NO;
				ENABLE_STRICT_OBJC_MSGSEND = YES;
				GCC_C_LANGUAGE_STANDARD = gnu99;
				GCC_NO_COMMON_BLOCKS = YES;
				GCC_WARN_64_TO_32_BIT_CONVERSION = YES;
				GCC_WARN_ABOUT_RETURN_TYPE = YES_ERROR;
				GCC_WARN_UNDECLARED_SELECTOR = YES;
				GCC_WARN_UNINITIALIZED_AUTOS = YES_AGGRESSIVE;
				GCC_WARN_UNUSED_FUNCTION = YES;
				GCC_WARN_UNUSED_VARIABLE = YES;
				IPHONEOS_DEPLOYMENT_TARGET = 9.3;
				MTL_ENABLE_DEBUG_INFO = NO;
				SDKROOT = iphoneos;
				TARGETED_DEVICE_FAMILY = "1,2";
				VALIDATE_PRODUCT = YES;
			};
			name = Release;
		};
		0E76787A1CB431C100C5F4D5 /* Debug */ = {
			isa = XCBuildConfiguration;
			buildSettings = {
				ASSETCATALOG_COMPILER_APPICON_NAME = AppIcon;
				INFOPLIST_FILE = PitchPerfect/Info.plist;
				LD_RUNPATH_SEARCH_PATHS = "$(inherited) @executable_path/Frameworks";
				PRODUCT_BUNDLE_IDENTIFIER = seize.PitchPerfect;
				PRODUCT_NAME = "$(TARGET_NAME)";
			};
			name = Debug;
		};
		0E76787B1CB431C100C5F4D5 /* Release */ = {
			isa = XCBuildConfiguration;
			buildSettings = {
				ASSETCATALOG_COMPILER_APPICON_NAME = AppIcon;
				INFOPLIST_FILE = PitchPerfect/Info.plist;
				LD_RUNPATH_SEARCH_PATHS = "$(inherited) @executable_path/Frameworks";
				PRODUCT_BUNDLE_IDENTIFIER = seize.PitchPerfect;
				PRODUCT_NAME = "$(TARGET_NAME)";
			};
			name = Release;
		};
/* End XCBuildConfiguration section */

/* Begin XCConfigurationList section */
		0E7678621CB431C100C5F4D5 /* Build configuration list for PBXProject "PitchPerfect" */ = {
			isa = XCConfigurationList;
			buildConfigurations = (
				0E7678771CB431C100C5F4D5 /* Debug */,
				0E7678781CB431C100C5F4D5 /* Release */,
			);
			defaultConfigurationIsVisible = 0;
			defaultConfigurationName = Release;
		};
		0E7678791CB431C100C5F4D5 /* Build configuration list for PBXNativeTarget "PitchPerfect" */ = {
			isa = XCConfigurationList;
			buildConfigurations = (
				0E76787A1CB431C100C5F4D5 /* Debug */,
				0E76787B1CB431C100C5F4D5 /* Release */,
			);
			defaultConfigurationIsVisible = 0;
			defaultConfigurationName = Release;
		};
/* End XCConfigurationList section */
	};
	rootObject = 0E76785F1CB431C100C5F4D5 /* Project object */;
}
